# Code generated by scarb DO NOT EDIT.
version = 1

[[package]]
name = "grails"
version = "0.1.0"
dependencies = [
 "openzeppelin",
 "snforge_std",
]

[[package]]
name = "openzeppelin"
version = "0.8.1"
source = "git+https://github.com/OpenZeppelin/cairo-contracts.git#6adcb2df7fdc9e7f03147773715e4bda1bfd5d31"

[[package]]
name = "snforge_std"
version = "0.17.0"
source = "git+https://github.com/foundry-rs/starknet-foundry#e016a406d32f4ea5bb9c478507ab1f647732ffee"
