# Code generated by scarb DO NOT EDIT.
version = 1

[[package]]
name = "alexandria_storage"
version = "0.3.0"
source = "git+https://github.com/keep-starknet-strange/alexandria.git#800f5ad217847b5ded63c0302a444161766ee9d6"

[[package]]
name = "grails"
version = "1.0.0"
dependencies = [
 "alexandria_storage",
 "openzeppelin",
 "snforge_std",
]

[[package]]
name = "openzeppelin"
version = "0.8.1"
source = "git+https://github.com/OpenZeppelin/cairo-contracts.git#6adcb2df7fdc9e7f03147773715e4bda1bfd5d31"

[[package]]
name = "snforge_std"
version = "0.17.0"
source = "git+https://github.com/foundry-rs/starknet-foundry#e016a406d32f4ea5bb9c478507ab1f647732ffee"
